// !$*UTF8*$!
{
	archiveVersion = 1;
	classes = {
	};
	objectVersion = 46;
	objects = {

/* Begin PBXBuildFile section */
		1D3623260D0F684500981E51 /* iGendynAppDelegate.mm in Sources */ = {isa = PBXBuildFile; fileRef = 1D3623250D0F684500981E51 /* iGendynAppDelegate.mm */; };
		1D60589B0D05DD56006BFB54 /* main.m in Sources */ = {isa = PBXBuildFile; fileRef = 29B97316FDCFA39411CA2CEA /* main.m */; };
		1D60589F0D05DD5A006BFB54 /* Foundation.framework in Frameworks */ = {isa = PBXBuildFile; fileRef = 1D30AB110D05D00D00671497 /* Foundation.framework */; };
		1DF5F4E00D08C38300B7A737 /* UIKit.framework in Frameworks */ = {isa = PBXBuildFile; fileRef = 1DF5F4DF0D08C38300B7A737 /* UIKit.framework */; };
		288765FD0DF74451002DB57D /* CoreGraphics.framework in Frameworks */ = {isa = PBXBuildFile; fileRef = 288765FC0DF74451002DB57D /* CoreGraphics.framework */; };
		28AD733F0D9D9553002E5188 /* MainWindow.xib in Resources */ = {isa = PBXBuildFile; fileRef = 28AD733E0D9D9553002E5188 /* MainWindow.xib */; };
		464D825311A81F8F00B2B2C0 /* SwitchViewController.mm in Sources */ = {isa = PBXBuildFile; fileRef = 464D825211A81F8F00B2B2C0 /* SwitchViewController.mm */; };
		464D825711A81FB900B2B2C0 /* PerformViewController.mm in Sources */ = {isa = PBXBuildFile; fileRef = 464D825611A81FB900B2B2C0 /* PerformViewController.mm */; };
		464D825A11A81FEF00B2B2C0 /* EditPresetViewController.mm in Sources */ = {isa = PBXBuildFile; fileRef = 464D825911A81FEF00B2B2C0 /* EditPresetViewController.mm */; };
		464D825C11A820CF00B2B2C0 /* PerformView.xib in Resources */ = {isa = PBXBuildFile; fileRef = 464D825B11A820CF00B2B2C0 /* PerformView.xib */; };
		464D825E11A820DC00B2B2C0 /* EditPresetView.xib in Resources */ = {isa = PBXBuildFile; fileRef = 464D825D11A820DC00B2B2C0 /* EditPresetView.xib */; };
		468B2CE111A99B3F005CAEBB /* PerformView.mm in Sources */ = {isa = PBXBuildFile; fileRef = 468B2CE011A99B3F005CAEBB /* PerformView.mm */; };
		468B2E2011AA6FC2005CAEBB /* iGendyn57.png in Resources */ = {isa = PBXBuildFile; fileRef = 468B2E1F11AA6FC2005CAEBB /* iGendyn57.png */; };
		468B2E2311AA6FD7005CAEBB /* GendynSynthesis.cpp in Sources */ = {isa = PBXBuildFile; fileRef = 468B2E2111AA6FD7005CAEBB /* GendynSynthesis.cpp */; };
		468B2E2B11AA7299005CAEBB /* GendynPreset.cpp in Sources */ = {isa = PBXBuildFile; fileRef = 468B2E2A11AA7299005CAEBB /* GendynPreset.cpp */; };
		46AD825B199B9C1E00B093B4 /* AVFoundation.framework in Frameworks */ = {isa = PBXBuildFile; fileRef = 46AD825A199B9C1E00B093B4 /* AVFoundation.framework */; };
		46AD825F199B9F4A00B093B4 /* iGendyn57@2x.png in Resources */ = {isa = PBXBuildFile; fileRef = 46AD825C199B9F4A00B093B4 /* iGendyn57@2x.png */; };
		46AD8260199B9F4A00B093B4 /* iGendyn57@2x~iphone.png in Resources */ = {isa = PBXBuildFile; fileRef = 46AD825D199B9F4A00B093B4 /* iGendyn57@2x~iphone.png */; };
		46AD8261199B9F4A00B093B4 /* iGendyn57~iphone.png in Resources */ = {isa = PBXBuildFile; fileRef = 46AD825E199B9F4A00B093B4 /* iGendyn57~iphone.png */; };
		46AD8263199B9FCE00B093B4 /* Default640by960.png in Resources */ = {isa = PBXBuildFile; fileRef = 46AD8262199B9FCE00B093B4 /* Default640by960.png */; };
		46B3C91311ADC4F300B1D7F1 /* AudioDeviceManager.mm in Sources */ = {isa = PBXBuildFile; fileRef = 46B3C91111ADC4F300B1D7F1 /* AudioDeviceManager.mm */; };
		46B3C99411ADCEE200B1D7F1 /* AudioToolbox.framework in Frameworks */ = {isa = PBXBuildFile; fileRef = 46B3C99311ADCEE200B1D7F1 /* AudioToolbox.framework */; };
		46BD2FE011E9284700367F5E /* EditBankViewController.mm in Sources */ = {isa = PBXBuildFile; fileRef = 46BD2FDF11E9284700367F5E /* EditBankViewController.mm */; };
		46BD2FE911E9C11700367F5E /* EditBankView.xib in Resources */ = {isa = PBXBuildFile; fileRef = 46BD2FE811E9C11700367F5E /* EditBankView.xib */; };
		46D1FB54186215A90011CB49 /* Default-568h@2x.png in Resources */ = {isa = PBXBuildFile; fileRef = 46D1FB53186215A90011CB49 /* Default-568h@2x.png */; };
		46F030F511F6F5E9006EEB64 /* brainnote3.png in Resources */ = {isa = PBXBuildFile; fileRef = 46F030F411F6F5E9006EEB64 /* brainnote3.png */; };
		46FAB6A2186320F10059C8E4 /* CoreMotion.framework in Frameworks */ = {isa = PBXBuildFile; fileRef = 46FAB6A1186320F10059C8E4 /* CoreMotion.framework */; };
/* End PBXBuildFile section */

/* Begin PBXFileReference section */
		1D30AB110D05D00D00671497 /* Foundation.framework */ = {isa = PBXFileReference; lastKnownFileType = wrapper.framework; name = Foundation.framework; path = System/Library/Frameworks/Foundation.framework; sourceTree = SDKROOT; };
		1D3623240D0F684500981E51 /* iGendynAppDelegate.h */ = {isa = PBXFileReference; fileEncoding = 4; lastKnownFileType = sourcecode.c.h; path = iGendynAppDelegate.h; sourceTree = "<group>"; };
		1D3623250D0F684500981E51 /* iGendynAppDelegate.mm */ = {isa = PBXFileReference; fileEncoding = 4; lastKnownFileType = sourcecode.cpp.objcpp; path = iGendynAppDelegate.mm; sourceTree = "<group>"; };
		1D6058910D05DD3D006BFB54 /* iGendyn.app */ = {isa = PBXFileReference; explicitFileType = wrapper.application; includeInIndex = 0; path = iGendyn.app; sourceTree = BUILT_PRODUCTS_DIR; };
		1DF5F4DF0D08C38300B7A737 /* UIKit.framework */ = {isa = PBXFileReference; lastKnownFileType = wrapper.framework; name = UIKit.framework; path = System/Library/Frameworks/UIKit.framework; sourceTree = SDKROOT; };
		288765FC0DF74451002DB57D /* CoreGraphics.framework */ = {isa = PBXFileReference; lastKnownFileType = wrapper.framework; name = CoreGraphics.framework; path = System/Library/Frameworks/CoreGraphics.framework; sourceTree = SDKROOT; };
		28AD733E0D9D9553002E5188 /* MainWindow.xib */ = {isa = PBXFileReference; lastKnownFileType = file.xib; path = MainWindow.xib; sourceTree = "<group>"; };
		29B97316FDCFA39411CA2CEA /* main.m */ = {isa = PBXFileReference; fileEncoding = 4; lastKnownFileType = sourcecode.c.objc; path = main.m; sourceTree = "<group>"; };
		32CA4F630368D1EE00C91783 /* iGendyn_Prefix.pch */ = {isa = PBXFileReference; fileEncoding = 4; lastKnownFileType = sourcecode.c.h; path = iGendyn_Prefix.pch; sourceTree = "<group>"; };
		464D825111A81F8F00B2B2C0 /* SwitchViewController.h */ = {isa = PBXFileReference; fileEncoding = 4; lastKnownFileType = sourcecode.c.h; path = SwitchViewController.h; sourceTree = "<group>"; };
		464D825211A81F8F00B2B2C0 /* SwitchViewController.mm */ = {isa = PBXFileReference; fileEncoding = 4; lastKnownFileType = sourcecode.cpp.objcpp; path = SwitchViewController.mm; sourceTree = "<group>"; };
		464D825511A81FB900B2B2C0 /* PerformViewController.h */ = {isa = PBXFileReference; fileEncoding = 4; lastKnownFileType = sourcecode.c.h; path = PerformViewController.h; sourceTree = "<group>"; };
		464D825611A81FB900B2B2C0 /* PerformViewController.mm */ = {isa = PBXFileReference; fileEncoding = 4; lastKnownFileType = sourcecode.cpp.objcpp; path = PerformViewController.mm; sourceTree = "<group>"; };
		464D825811A81FEF00B2B2C0 /* EditPresetViewController.h */ = {isa = PBXFileReference; fileEncoding = 4; lastKnownFileType = sourcecode.c.h; path = EditPresetViewController.h; sourceTree = "<group>"; };
		464D825911A81FEF00B2B2C0 /* EditPresetViewController.mm */ = {isa = PBXFileReference; fileEncoding = 4; lastKnownFileType = sourcecode.cpp.objcpp; path = EditPresetViewController.mm; sourceTree = "<group>"; };
		464D825B11A820CF00B2B2C0 /* PerformView.xib */ = {isa = PBXFileReference; lastKnownFileType = file.xib; path = PerformView.xib; sourceTree = "<group>"; };
		464D825D11A820DC00B2B2C0 /* EditPresetView.xib */ = {isa = PBXFileReference; lastKnownFileType = file.xib; path = EditPresetView.xib; sourceTree = "<group>"; };
		468B2CDF11A99B3F005CAEBB /* PerformView.h */ = {isa = PBXFileReference; fileEncoding = 4; lastKnownFileType = sourcecode.c.h; path = PerformView.h; sourceTree = "<group>"; };
		468B2CE011A99B3F005CAEBB /* PerformView.mm */ = {isa = PBXFileReference; fileEncoding = 4; lastKnownFileType = sourcecode.cpp.objcpp; path = PerformView.mm; sourceTree = "<group>"; };
		468B2CE911A99BB4005CAEBB /* Constants.h */ = {isa = PBXFileReference; fileEncoding = 4; lastKnownFileType = sourcecode.c.h; path = Constants.h; sourceTree = "<group>"; };
		468B2E1F11AA6FC2005CAEBB /* iGendyn57.png */ = {isa = PBXFileReference; lastKnownFileType = image.png; path = iGendyn57.png; sourceTree = "<group>"; };
		468B2E2111AA6FD7005CAEBB /* GendynSynthesis.cpp */ = {isa = PBXFileReference; fileEncoding = 4; lastKnownFileType = sourcecode.cpp.cpp; path = GendynSynthesis.cpp; sourceTree = "<group>"; };
		468B2E2211AA6FD7005CAEBB /* GendynSynthesis.h */ = {isa = PBXFileReference; fileEncoding = 4; lastKnownFileType = sourcecode.c.h; path = GendynSynthesis.h; sourceTree = "<group>"; };
		468B2E2911AA7299005CAEBB /* GendynPreset.h */ = {isa = PBXFileReference; fileEncoding = 4; lastKnownFileType = sourcecode.c.h; path = GendynPreset.h; sourceTree = "<group>"; };
		468B2E2A11AA7299005CAEBB /* GendynPreset.cpp */ = {isa = PBXFileReference; fileEncoding = 4; lastKnownFileType = sourcecode.cpp.cpp; path = GendynPreset.cpp; sourceTree = "<group>"; };
		46AD825A199B9C1E00B093B4 /* AVFoundation.framework */ = {isa = PBXFileReference; lastKnownFileType = wrapper.framework; name = AVFoundation.framework; path = System/Library/Frameworks/AVFoundation.framework; sourceTree = SDKROOT; };
		46AD825C199B9F4A00B093B4 /* iGendyn57@2x.png */ = {isa = PBXFileReference; lastKnownFileType = image.png; path = "iGendyn57@2x.png"; sourceTree = "<group>"; };
		46AD825D199B9F4A00B093B4 /* iGendyn57@2x~iphone.png */ = {isa = PBXFileReference; lastKnownFileType = image.png; path = "iGendyn57@2x~iphone.png"; sourceTree = "<group>"; };
		46AD825E199B9F4A00B093B4 /* iGendyn57~iphone.png */ = {isa = PBXFileReference; lastKnownFileType = image.png; path = "iGendyn57~iphone.png"; sourceTree = "<group>"; };
		46AD8262199B9FCE00B093B4 /* Default640by960.png */ = {isa = PBXFileReference; lastKnownFileType = image.png; path = Default640by960.png; sourceTree = "<group>"; };
		46B3C91111ADC4F300B1D7F1 /* AudioDeviceManager.mm */ = {isa = PBXFileReference; fileEncoding = 4; lastKnownFileType = sourcecode.cpp.objcpp; path = AudioDeviceManager.mm; sourceTree = "<group>"; };
		46B3C91211ADC4F300B1D7F1 /* AudioDeviceManager.h */ = {isa = PBXFileReference; fileEncoding = 4; lastKnownFileType = sourcecode.c.h; path = AudioDeviceManager.h; sourceTree = "<group>"; };
		46B3C99311ADCEE200B1D7F1 /* AudioToolbox.framework */ = {isa = PBXFileReference; lastKnownFileType = wrapper.framework; name = AudioToolbox.framework; path = /System/Library/Frameworks/AudioToolbox.framework; sourceTree = "<absolute>"; };
		46BD2FDE11E9284700367F5E /* EditBankViewController.h */ = {isa = PBXFileReference; fileEncoding = 4; lastKnownFileType = sourcecode.c.h; path = EditBankViewController.h; sourceTree = "<group>"; };
		46BD2FDF11E9284700367F5E /* EditBankViewController.mm */ = {isa = PBXFileReference; fileEncoding = 4; lastKnownFileType = sourcecode.cpp.objcpp; path = EditBankViewController.mm; sourceTree = "<group>"; };
		46BD2FE811E9C11700367F5E /* EditBankView.xib */ = {isa = PBXFileReference; lastKnownFileType = file.xib; path = EditBankView.xib; sourceTree = "<group>"; };
		46D1FB53186215A90011CB49 /* Default-568h@2x.png */ = {isa = PBXFileReference; lastKnownFileType = image.png; path = "Default-568h@2x.png"; sourceTree = "<group>"; };
		46D1FB5718621A800011CB49 /* iGendyn.entitlements */ = {isa = PBXFileReference; lastKnownFileType = text.xml; path = iGendyn.entitlements; sourceTree = "<group>"; };
		46F030F411F6F5E9006EEB64 /* brainnote3.png */ = {isa = PBXFileReference; lastKnownFileType = image.png; path = brainnote3.png; sourceTree = "<group>"; };
		46FAB6A1186320F10059C8E4 /* CoreMotion.framework */ = {isa = PBXFileReference; lastKnownFileType = wrapper.framework; name = CoreMotion.framework; path = System/Library/Frameworks/CoreMotion.framework; sourceTree = SDKROOT; };
		8D1107310486CEB800E47090 /* iGendyn-Info.plist */ = {isa = PBXFileReference; fileEncoding = 4; lastKnownFileType = text.plist.xml; path = "iGendyn-Info.plist"; plistStructureDefinitionIdentifier = "com.apple.xcode.plist.structure-definition.iphone.info-plist"; sourceTree = "<group>"; };
/* End PBXFileReference section */

/* Begin PBXFrameworksBuildPhase section */
		1D60588F0D05DD3D006BFB54 /* Frameworks */ = {
			isa = PBXFrameworksBuildPhase;
			buildActionMask = 2147483647;
			files = (
				46AD825B199B9C1E00B093B4 /* AVFoundation.framework in Frameworks */,
				46FAB6A2186320F10059C8E4 /* CoreMotion.framework in Frameworks */,
				1D60589F0D05DD5A006BFB54 /* Foundation.framework in Frameworks */,
				1DF5F4E00D08C38300B7A737 /* UIKit.framework in Frameworks */,
				288765FD0DF74451002DB57D /* CoreGraphics.framework in Frameworks */,
				46B3C99411ADCEE200B1D7F1 /* AudioToolbox.framework in Frameworks */,
			);
			runOnlyForDeploymentPostprocessing = 0;
		};
/* End PBXFrameworksBuildPhase section */

/* Begin PBXGroup section */
		080E96DDFE201D6D7F000001 /* Classes */ = {
			isa = PBXGroup;
			children = (
				46B3C91111ADC4F300B1D7F1 /* AudioDeviceManager.mm */,
				46B3C91211ADC4F300B1D7F1 /* AudioDeviceManager.h */,
				1D3623240D0F684500981E51 /* iGendynAppDelegate.h */,
				1D3623250D0F684500981E51 /* iGendynAppDelegate.mm */,
				464D825111A81F8F00B2B2C0 /* SwitchViewController.h */,
				464D825211A81F8F00B2B2C0 /* SwitchViewController.mm */,
				464D825511A81FB900B2B2C0 /* PerformViewController.h */,
				464D825611A81FB900B2B2C0 /* PerformViewController.mm */,
				464D825811A81FEF00B2B2C0 /* EditPresetViewController.h */,
				464D825911A81FEF00B2B2C0 /* EditPresetViewController.mm */,
				468B2CDF11A99B3F005CAEBB /* PerformView.h */,
				468B2CE011A99B3F005CAEBB /* PerformView.mm */,
				468B2CE911A99BB4005CAEBB /* Constants.h */,
				468B2E2911AA7299005CAEBB /* GendynPreset.h */,
				468B2E2A11AA7299005CAEBB /* GendynPreset.cpp */,
				468B2E2111AA6FD7005CAEBB /* GendynSynthesis.cpp */,
				468B2E2211AA6FD7005CAEBB /* GendynSynthesis.h */,
				46BD2FDE11E9284700367F5E /* EditBankViewController.h */,
				46BD2FDF11E9284700367F5E /* EditBankViewController.mm */,
			);
			path = Classes;
			sourceTree = "<group>";
		};
		19C28FACFE9D520D11CA2CBB /* Products */ = {
			isa = PBXGroup;
			children = (
				1D6058910D05DD3D006BFB54 /* iGendyn.app */,
			);
			name = Products;
			sourceTree = "<group>";
		};
		29B97314FDCFA39411CA2CEA /* CustomTemplate */ = {
			isa = PBXGroup;
			children = (
				46D1FB5718621A800011CB49 /* iGendyn.entitlements */,
				080E96DDFE201D6D7F000001 /* Classes */,
				29B97315FDCFA39411CA2CEA /* Other Sources */,
				29B97317FDCFA39411CA2CEA /* Resources */,
				29B97323FDCFA39411CA2CEA /* Frameworks */,
				19C28FACFE9D520D11CA2CBB /* Products */,
			);
			name = CustomTemplate;
			sourceTree = "<group>";
		};
		29B97315FDCFA39411CA2CEA /* Other Sources */ = {
			isa = PBXGroup;
			children = (
				32CA4F630368D1EE00C91783 /* iGendyn_Prefix.pch */,
				29B97316FDCFA39411CA2CEA /* main.m */,
			);
			name = "Other Sources";
			sourceTree = "<group>";
		};
		29B97317FDCFA39411CA2CEA /* Resources */ = {
			isa = PBXGroup;
			children = (
				46AD825C199B9F4A00B093B4 /* iGendyn57@2x.png */,
				46AD825D199B9F4A00B093B4 /* iGendyn57@2x~iphone.png */,
				46AD825E199B9F4A00B093B4 /* iGendyn57~iphone.png */,
				46D1FB53186215A90011CB49 /* Default-568h@2x.png */,
				46AD8262199B9FCE00B093B4 /* Default640by960.png */,
				46F030F411F6F5E9006EEB64 /* brainnote3.png */,
				468B2E1F11AA6FC2005CAEBB /* iGendyn57.png */,
				28AD733E0D9D9553002E5188 /* MainWindow.xib */,
				8D1107310486CEB800E47090 /* iGendyn-Info.plist */,
				464D825B11A820CF00B2B2C0 /* PerformView.xib */,
				464D825D11A820DC00B2B2C0 /* EditPresetView.xib */,
				46BD2FE811E9C11700367F5E /* EditBankView.xib */,
			);
			name = Resources;
			sourceTree = "<group>";
		};
		29B97323FDCFA39411CA2CEA /* Frameworks */ = {
			isa = PBXGroup;
			children = (
				46AD825A199B9C1E00B093B4 /* AVFoundation.framework */,
				46FAB6A1186320F10059C8E4 /* CoreMotion.framework */,
				46B3C99311ADCEE200B1D7F1 /* AudioToolbox.framework */,
				1DF5F4DF0D08C38300B7A737 /* UIKit.framework */,
				1D30AB110D05D00D00671497 /* Foundation.framework */,
				288765FC0DF74451002DB57D /* CoreGraphics.framework */,
			);
			name = Frameworks;
			sourceTree = "<group>";
		};
/* End PBXGroup section */

/* Begin PBXNativeTarget section */
		1D6058900D05DD3D006BFB54 /* iGendyn */ = {
			isa = PBXNativeTarget;
			buildConfigurationList = 1D6058960D05DD3E006BFB54 /* Build configuration list for PBXNativeTarget "iGendyn" */;
			buildPhases = (
				1D60588D0D05DD3D006BFB54 /* Resources */,
				1D60588E0D05DD3D006BFB54 /* Sources */,
				1D60588F0D05DD3D006BFB54 /* Frameworks */,
			);
			buildRules = (
			);
			dependencies = (
			);
			name = iGendyn;
			productName = iGendyn;
			productReference = 1D6058910D05DD3D006BFB54 /* iGendyn.app */;
			productType = "com.apple.product-type.application";
		};
/* End PBXNativeTarget section */

/* Begin PBXProject section */
		29B97313FDCFA39411CA2CEA /* Project object */ = {
			isa = PBXProject;
			attributes = {
				LastUpgradeCheck = 0420;
				TargetAttributes = {
					1D6058900D05DD3D006BFB54 = {
						DevelopmentTeam = H59MNMU9F7;
						SystemCapabilities = {
							com.apple.InterAppAudio = {
								enabled = 0;
							};
						};
					};
				};
			};
			buildConfigurationList = C01FCF4E08A954540054247B /* Build configuration list for PBXProject "iGendyn" */;
			compatibilityVersion = "Xcode 3.2";
			developmentRegion = English;
			hasScannedForEncodings = 1;
			knownRegions = (
				English,
				Japanese,
				French,
				German,
			);
			mainGroup = 29B97314FDCFA39411CA2CEA /* CustomTemplate */;
			projectDirPath = "";
			projectRoot = "";
			targets = (
				1D6058900D05DD3D006BFB54 /* iGendyn */,
			);
		};
/* End PBXProject section */

/* Begin PBXResourcesBuildPhase section */
		1D60588D0D05DD3D006BFB54 /* Resources */ = {
			isa = PBXResourcesBuildPhase;
			buildActionMask = 2147483647;
			files = (
				28AD733F0D9D9553002E5188 /* MainWindow.xib in Resources */,
				464D825C11A820CF00B2B2C0 /* PerformView.xib in Resources */,
				464D825E11A820DC00B2B2C0 /* EditPresetView.xib in Resources */,
				468B2E2011AA6FC2005CAEBB /* iGendyn57.png in Resources */,
				46AD8260199B9F4A00B093B4 /* iGendyn57@2x~iphone.png in Resources */,
				46AD8263199B9FCE00B093B4 /* Default640by960.png in Resources */,
				46BD2FE911E9C11700367F5E /* EditBankView.xib in Resources */,
				46AD8261199B9F4A00B093B4 /* iGendyn57~iphone.png in Resources */,
				46D1FB54186215A90011CB49 /* Default-568h@2x.png in Resources */,
				46F030F511F6F5E9006EEB64 /* brainnote3.png in Resources */,
				46AD825F199B9F4A00B093B4 /* iGendyn57@2x.png in Resources */,
			);
			runOnlyForDeploymentPostprocessing = 0;
		};
/* End PBXResourcesBuildPhase section */

/* Begin PBXSourcesBuildPhase section */
		1D60588E0D05DD3D006BFB54 /* Sources */ = {
			isa = PBXSourcesBuildPhase;
			buildActionMask = 2147483647;
			files = (
				1D60589B0D05DD56006BFB54 /* main.m in Sources */,
				1D3623260D0F684500981E51 /* iGendynAppDelegate.mm in Sources */,
				464D825311A81F8F00B2B2C0 /* SwitchViewController.mm in Sources */,
				464D825711A81FB900B2B2C0 /* PerformViewController.mm in Sources */,
				464D825A11A81FEF00B2B2C0 /* EditPresetViewController.mm in Sources */,
				468B2CE111A99B3F005CAEBB /* PerformView.mm in Sources */,
				468B2E2311AA6FD7005CAEBB /* GendynSynthesis.cpp in Sources */,
				468B2E2B11AA7299005CAEBB /* GendynPreset.cpp in Sources */,
				46B3C91311ADC4F300B1D7F1 /* AudioDeviceManager.mm in Sources */,
				46BD2FE011E9284700367F5E /* EditBankViewController.mm in Sources */,
			);
			runOnlyForDeploymentPostprocessing = 0;
		};
/* End PBXSourcesBuildPhase section */

/* Begin XCBuildConfiguration section */
		1D6058940D05DD3E006BFB54 /* Debug */ = {
			isa = XCBuildConfiguration;
			buildSettings = {
				ALWAYS_SEARCH_USER_PATHS = NO;
				CODE_SIGN_IDENTITY = "iPhone Developer";
				"CODE_SIGN_IDENTITY[sdk=iphoneos*]" = "iPhone Developer";
				COPY_PHASE_STRIP = NO;
				GCC_DYNAMIC_NO_PIC = NO;
				GCC_OPTIMIZATION_LEVEL = 0;
				GCC_PRECOMPILE_PREFIX_HEADER = YES;
				GCC_PREFIX_HEADER = iGendyn_Prefix.pch;
				INFOPLIST_FILE = "iGendyn-Info.plist";
				IPHONEOS_DEPLOYMENT_TARGET = 10.0;
				PRODUCT_NAME = iGendyn;
				PROVISIONING_PROFILE = "A288B7DF-BA33-4F18-A27C-3A329897D4DA";
				SDKROOT = iphoneos;
			};
			name = Debug;
		};
		1D6058950D05DD3E006BFB54 /* Release */ = {
			isa = XCBuildConfiguration;
			buildSettings = {
				ALWAYS_SEARCH_USER_PATHS = NO;
				CODE_SIGN_IDENTITY = "iPhone Developer";
				"CODE_SIGN_IDENTITY[sdk=iphoneos*]" = "iPhone Developer";
				COPY_PHASE_STRIP = YES;
				GCC_PRECOMPILE_PREFIX_HEADER = YES;
				GCC_PREFIX_HEADER = iGendyn_Prefix.pch;
				INFOPLIST_FILE = "iGendyn-Info.plist";
				IPHONEOS_DEPLOYMENT_TARGET = 10.0;
				PRODUCT_NAME = iGendyn;
				PROVISIONING_PROFILE = "";
				"PROVISIONING_PROFILE[sdk=iphoneos*]" = "";
				SDKROOT = iphoneos;
			};
			name = Release;
		};
		46F2607E11FC411D00802782 /* Distribution */ = {
			isa = XCBuildConfiguration;
			buildSettings = {
				ARCHS = "$(ARCHS_STANDARD_32_BIT)";
				"CODE_SIGN_IDENTITY[sdk=iphoneos*]" = "iPhone Distribution: Nicholas Collins";
				GCC_C_LANGUAGE_STANDARD = c99;
				GCC_THUMB_SUPPORT = NO;
				GCC_WARN_ABOUT_RETURN_TYPE = YES;
				GCC_WARN_UNUSED_VARIABLE = YES;
				IPHONEOS_DEPLOYMENT_TARGET = 3.0;
				"PROVISIONING_PROFILE[sdk=iphoneos*]" = "FDFCB90E-3BF4-49CB-8025-81AA2FAC06DE";
				SDKROOT = iphoneos;
			};
			name = Distribution;
		};
		46F2607F11FC411D00802782 /* Distribution */ = {
			isa = XCBuildConfiguration;
			buildSettings = {
				ALWAYS_SEARCH_USER_PATHS = NO;
				CODE_SIGN_IDENTITY = "iPhone Distribution";
				"CODE_SIGN_IDENTITY[sdk=iphoneos*]" = "iPhone Distribution";
				COPY_PHASE_STRIP = YES;
				GCC_PRECOMPILE_PREFIX_HEADER = YES;
				GCC_PREFIX_HEADER = iGendyn_Prefix.pch;
				INFOPLIST_FILE = "iGendyn-Info.plist";
				IPHONEOS_DEPLOYMENT_TARGET = 10.0;
				PRODUCT_NAME = iGendyn;
				PROVISIONING_PROFILE = "F97D0B6F-F46C-4C60-B6A6-2134E488D2D8";
				SDKROOT = iphoneos;
			};
			name = Distribution;
		};
		C01FCF4F08A954540054247B /* Debug */ = {
			isa = XCBuildConfiguration;
			buildSettings = {
				ARCHS = "$(ARCHS_STANDARD_32_BIT)";
				"CODE_SIGN_IDENTITY[sdk=iphoneos*]" = "iPhone Developer";
				GCC_C_LANGUAGE_STANDARD = c99;
				GCC_THUMB_SUPPORT = NO;
				GCC_WARN_ABOUT_RETURN_TYPE = YES;
				GCC_WARN_UNUSED_VARIABLE = YES;
				IPHONEOS_DEPLOYMENT_TARGET = 3.0;
				SDKROOT = iphoneos;
			};
			name = Debug;
		};
		C01FCF5008A954540054247B /* Release */ = {
			isa = XCBuildConfiguration;
			buildSettings = {
				ARCHS = "$(ARCHS_STANDARD_32_BIT)";
				"CODE_SIGN_IDENTITY[sdk=iphoneos*]" = "iPhone Developer";
				GCC_C_LANGUAGE_STANDARD = c99;
				GCC_THUMB_SUPPORT = NO;
				GCC_WARN_ABOUT_RETURN_TYPE = YES;
				GCC_WARN_UNUSED_VARIABLE = YES;
				IPHONEOS_DEPLOYMENT_TARGET = 3.0;
				SDKROOT = iphoneos;
			};
			name = Release;
		};
/* End XCBuildConfiguration section */

/* Begin XCConfigurationList section */
		1D6058960D05DD3E006BFB54 /* Build configuration list for PBXNativeTarget "iGendyn" */ = {
			isa = XCConfigurationList;
			buildConfigurations = (
				1D6058940D05DD3E006BFB54 /* Debug */,
				1D6058950D05DD3E006BFB54 /* Release */,
				46F2607F11FC411D00802782 /* Distribution */,
			);
			defaultConfigurationIsVisible = 0;
			defaultConfigurationName = Release;
		};
		C01FCF4E08A954540054247B /* Build configuration list for PBXProject "iGendyn" */ = {
			isa = XCConfigurationList;
			buildConfigurations = (
				C01FCF4F08A954540054247B /* Debug */,
				C01FCF5008A954540054247B /* Release */,
				46F2607E11FC411D00802782 /* Distribution */,
			);
			defaultConfigurationIsVisible = 0;
			defaultConfigurationName = Release;
		};
/* End XCConfigurationList section */
	};
	rootObject = 29B97313FDCFA39411CA2CEA /* Project object */;
}
